Microsoft Visual Studio Solution File, Format Version 12.00
# Visual Studio 2012
Project("{FAE04EC0-301F-11D3-BF4B-00C04F79EFBC}") = "SKDVS.Utils.ODBCMngr", "SKDVS.Utils.ODBCMngr.csproj", "{DE5A5D82-C478-455B-8312-05BDA6064B4B}"
EndProject
Project("{FAE04EC0-301F-11D3-BF4B-00C04F79EFBC}") = "OdbcDemo", "OdbcDemo\OdbcDemo.csproj", "{C3707FF2-6F88-4371-BCBE-A1434778EDAC}"
EndProject
Global
	GlobalSection(SolutionConfigurationPlatforms) = preSolution
		Debug|Any CPU = Debug|Any CPU
		Release|Any CPU = Release|Any CPU
	EndGlobalSection
	GlobalSection(ProjectConfigurationPlatforms) = postSolution
		{DE5A5D82-C478-455B-8312-05BDA6064B4B}.Debug|Any CPU.ActiveCfg = Debug|Any CPU
		{DE5A5D82-C478-455B-8312-05BDA6064B4B}.Debug|Any CPU.Build.0 = Debug|Any CPU
		{DE5A5D82-C478-455B-8312-05BDA6064B4B}.Release|Any CPU.ActiveCfg = Release|Any CPU
		{DE5A5D82-C478-455B-8312-05BDA6064B4B}.Release|Any CPU.Build.0 = Release|Any CPU
		{C3707FF2-6F88-4371-BCBE-A1434778EDAC}.Debug|Any CPU.ActiveCfg = Debug|Any CPU
		{C3707FF2-6F88-4371-BCBE-A1434778EDAC}.Debug|Any CPU.Build.0 = Debug|Any CPU
		{C3707FF2-6F88-4371-BCBE-A1434778EDAC}.Release|Any CPU.ActiveCfg = Release|Any CPU
		{C3707FF2-6F88-4371-BCBE-A1434778EDAC}.Release|Any CPU.Build.0 = Release|Any CPU
	EndGlobalSection
	GlobalSection(SolutionProperties) = preSolution
		HideSolutionNode = FALSE
	EndGlobalSection
EndGlobal
