
Microsoft Visual Studio Solution File, Format Version 12.00
# Visual Studio Version 16
VisualStudioVersion = 16.0.31410.357
MinimumVisualStudioVersion = 10.0.40219.1
Project("{FAE04EC0-301F-11D3-BF4B-00C04F79EFBC}") = "SKDVS", "SKDVS\SKDVS.csproj", "{0CD26C35-B99A-43DE-8297-F45A007ED902}"
EndProject
Project("{FAE04EC0-301F-11D3-BF4B-00C04F79EFBC}") = "SKDVS.Utils.ODBCMngr", "Utils\ODBCMngr\SKDVS.Utils.ODBCMngr.csproj", "{DE5A5D82-C478-455B-8312-05BDA6064B4B}"
EndProject
Project("{FAE04EC0-301F-11D3-BF4B-00C04F79EFBC}") = "SKDVS.Utils.ErrorHandler", "Utils\ErrorHandler\SKDVS.Utils.ErrorHandler.csproj", "{47F59A9E-E8EF-423F-8B13-C1269C09C90F}"
EndProject
Global
	GlobalSection(SolutionConfigurationPlatforms) = preSolution
		Debug|Any CPU = Debug|Any CPU
		Release|Any CPU = Release|Any CPU
	EndGlobalSection
	GlobalSection(ProjectConfigurationPlatforms) = postSolution
		{0CD26C35-B99A-43DE-8297-F45A007ED902}.Debug|Any CPU.ActiveCfg = Debug|Any CPU
		{0CD26C35-B99A-43DE-8297-F45A007ED902}.Debug|Any CPU.Build.0 = Debug|Any CPU
		{0CD26C35-B99A-43DE-8297-F45A007ED902}.Release|Any CPU.ActiveCfg = Release|Any CPU
		{0CD26C35-B99A-43DE-8297-F45A007ED902}.Release|Any CPU.Build.0 = Release|Any CPU
		{DE5A5D82-C478-455B-8312-05BDA6064B4B}.Debug|Any CPU.ActiveCfg = Debug|Any CPU
		{DE5A5D82-C478-455B-8312-05BDA6064B4B}.Debug|Any CPU.Build.0 = Debug|Any CPU
		{DE5A5D82-C478-455B-8312-05BDA6064B4B}.Release|Any CPU.ActiveCfg = Release|Any CPU
		{DE5A5D82-C478-455B-8312-05BDA6064B4B}.Release|Any CPU.Build.0 = Release|Any CPU
		{47F59A9E-E8EF-423F-8B13-C1269C09C90F}.Debug|Any CPU.ActiveCfg = Debug|Any CPU
		{47F59A9E-E8EF-423F-8B13-C1269C09C90F}.Debug|Any CPU.Build.0 = Debug|Any CPU
		{47F59A9E-E8EF-423F-8B13-C1269C09C90F}.Release|Any CPU.ActiveCfg = Release|Any CPU
		{47F59A9E-E8EF-423F-8B13-C1269C09C90F}.Release|Any CPU.Build.0 = Release|Any CPU
	EndGlobalSection
	GlobalSection(SolutionProperties) = preSolution
		HideSolutionNode = FALSE
	EndGlobalSection
	GlobalSection(ExtensibilityGlobals) = postSolution
		SolutionGuid = {B0BE4C94-3212-47F1-B07A-333827D01AC1}
	EndGlobalSection
EndGlobal
